
Microsoft Visual Studio Solution File, Format Version 12.00
# Visual Studio Version 17
VisualStudioVersion = 17.2.32616.157
MinimumVisualStudioVersion = 10.0.40219.1
Project("{9A19103F-16F7-4668-BE54-9A1E7A4F7556}") = "SerraLinhasAereas.Domain", "SerraLinhasAereas.Domain\SerraLinhasAereas.Domain.csproj", "{2C57360E-9DB3-490C-AD9B-BD604F48E824}"
EndProject
Project("{9A19103F-16F7-4668-BE54-9A1E7A4F7556}") = "SerraLinhasAereas.Infra.Data", "SerraLinhasAereas.Infra.Data\SerraLinhasAereas.Infra.Data.csproj", "{74D1FD49-444A-4A82-BB77-D3994D8BE9DB}"
EndProject
Project("{FAE04EC0-301F-11D3-BF4B-00C04F79EFBC}") = "SerraLinhasAereas.WebApi", "SerraLinhasAereas.WebApi\SerraLinhasAereas.WebApi.csproj", "{DC764954-621A-4B6C-ADB4-A3A740E7707D}"
EndProject
Global
	GlobalSection(SolutionConfigurationPlatforms) = preSolution
		Debug|Any CPU = Debug|Any CPU
		Release|Any CPU = Release|Any CPU
	EndGlobalSection
	GlobalSection(ProjectConfigurationPlatforms) = postSolution
		{2C57360E-9DB3-490C-AD9B-BD604F48E824}.Debug|Any CPU.ActiveCfg = Debug|Any CPU
		{2C57360E-9DB3-490C-AD9B-BD604F48E824}.Debug|Any CPU.Build.0 = Debug|Any CPU
		{2C57360E-9DB3-490C-AD9B-BD604F48E824}.Release|Any CPU.ActiveCfg = Release|Any CPU
		{2C57360E-9DB3-490C-AD9B-BD604F48E824}.Release|Any CPU.Build.0 = Release|Any CPU
		{74D1FD49-444A-4A82-BB77-D3994D8BE9DB}.Debug|Any CPU.ActiveCfg = Debug|Any CPU
		{74D1FD49-444A-4A82-BB77-D3994D8BE9DB}.Debug|Any CPU.Build.0 = Debug|Any CPU
		{74D1FD49-444A-4A82-BB77-D3994D8BE9DB}.Release|Any CPU.ActiveCfg = Release|Any CPU
		{74D1FD49-444A-4A82-BB77-D3994D8BE9DB}.Release|Any CPU.Build.0 = Release|Any CPU
		{DC764954-621A-4B6C-ADB4-A3A740E7707D}.Debug|Any CPU.ActiveCfg = Debug|Any CPU
		{DC764954-621A-4B6C-ADB4-A3A740E7707D}.Debug|Any CPU.Build.0 = Debug|Any CPU
		{DC764954-621A-4B6C-ADB4-A3A740E7707D}.Release|Any CPU.ActiveCfg = Release|Any CPU
		{DC764954-621A-4B6C-ADB4-A3A740E7707D}.Release|Any CPU.Build.0 = Release|Any CPU
	EndGlobalSection
	GlobalSection(SolutionProperties) = preSolution
		HideSolutionNode = FALSE
	EndGlobalSection
	GlobalSection(ExtensibilityGlobals) = postSolution
		SolutionGuid = {10190799-2D3E-476E-A979-E96D9BA50007}
	EndGlobalSection
EndGlobal
